// !$*UTF8*$!
{
	archiveVersion = 1;
	classes = {
	};
	objectVersion = 56;
	objects = {

/* Begin PBXBuildFile section */
		9E238CF42C2E812300AF1CE5 /* FlickerSearchApp.swift in Sources */ = {isa = PBXBuildFile; fileRef = 9E238CF32C2E812300AF1CE5 /* FlickerSearchApp.swift */; };
		9E238CF62C2E812300AF1CE5 /* ContentView.swift in Sources */ = {isa = PBXBuildFile; fileRef = 9E238CF52C2E812300AF1CE5 /* ContentView.swift */; };
		9E238CF82C2E812600AF1CE5 /* Assets.xcassets in Resources */ = {isa = PBXBuildFile; fileRef = 9E238CF72C2E812600AF1CE5 /* Assets.xcassets */; };
		9E238CFB2C2E812600AF1CE5 /* Preview Assets.xcassets in Resources */ = {isa = PBXBuildFile; fileRef = 9E238CFA2C2E812600AF1CE5 /* Preview Assets.xcassets */; };
		9E238D052C2E812700AF1CE5 /* FlickerSearchTests.swift in Sources */ = {isa = PBXBuildFile; fileRef = 9E238D042C2E812700AF1CE5 /* FlickerSearchTests.swift */; };
		9E238D0F2C2E812700AF1CE5 /* FlickerSearchUITests.swift in Sources */ = {isa = PBXBuildFile; fileRef = 9E238D0E2C2E812700AF1CE5 /* FlickerSearchUITests.swift */; };
		9E238D112C2E812700AF1CE5 /* FlickerSearchUITestsLaunchTests.swift in Sources */ = {isa = PBXBuildFile; fileRef = 9E238D102C2E812700AF1CE5 /* FlickerSearchUITestsLaunchTests.swift */; };
		9E238D222C2E822E00AF1CE5 /* Requestable.swift in Sources */ = {isa = PBXBuildFile; fileRef = 9E238D1F2C2E822E00AF1CE5 /* Requestable.swift */; };
		9E238D232C2E822E00AF1CE5 /* FlickerSearchEndpoints.swift in Sources */ = {isa = PBXBuildFile; fileRef = 9E238D202C2E822E00AF1CE5 /* FlickerSearchEndpoints.swift */; };
		9E430AC02C2F2EA4006A1C10 /* FlickerSeachedImageModel.swift in Sources */ = {isa = PBXBuildFile; fileRef = 9E430ABF2C2F2EA4006A1C10 /* FlickerSeachedImageModel.swift */; };
		9E430AC32C2F305A006A1C10 /* FlickerSearchViewModel.swift in Sources */ = {isa = PBXBuildFile; fileRef = 9E430AC22C2F305A006A1C10 /* FlickerSearchViewModel.swift */; };
		9E430AC62C2F3987006A1C10 /* FlickerServiceRequest.swift in Sources */ = {isa = PBXBuildFile; fileRef = 9E430AC52C2F3987006A1C10 /* FlickerServiceRequest.swift */; };
		9E430AC92C2F4AA1006A1C10 /* FlickerSeachView.swift in Sources */ = {isa = PBXBuildFile; fileRef = 9E430AC82C2F4AA1006A1C10 /* FlickerSeachView.swift */; };
		9E430ACE2C2F6043006A1C10 /* FlickrDeatilsView.swift in Sources */ = {isa = PBXBuildFile; fileRef = 9E430ACD2C2F6043006A1C10 /* FlickrDeatilsView.swift */; };
		9E430AD02C2F62A8006A1C10 /* FlickrDetailImageViewModel.swift in Sources */ = {isa = PBXBuildFile; fileRef = 9E430ACF2C2F62A8006A1C10 /* FlickrDetailImageViewModel.swift */; };
		9E430AD72C2F6B40006A1C10 /* NetworkingManagerTests.swift in Sources */ = {isa = PBXBuildFile; fileRef = 9E430AD52C2F6B40006A1C10 /* NetworkingManagerTests.swift */; };
		9E430AD82C2F6B40006A1C10 /* RequestManagerTests.swift in Sources */ = {isa = PBXBuildFile; fileRef = 9E430AD62C2F6B40006A1C10 /* RequestManagerTests.swift */; };
		9E430ADA2C2F6C22006A1C10 /* RequestableManager.swift in Sources */ = {isa = PBXBuildFile; fileRef = 9E430AD92C2F6C22006A1C10 /* RequestableManager.swift */; };
		9E430ADC2C2F6EA9006A1C10 /* FlickrSearchViewModelTests.swift in Sources */ = {isa = PBXBuildFile; fileRef = 9E430ADB2C2F6EA9006A1C10 /* FlickrSearchViewModelTests.swift */; };
/* End PBXBuildFile section */

/* Begin PBXContainerItemProxy section */
		9E238D012C2E812700AF1CE5 /* PBXContainerItemProxy */ = {
			isa = PBXContainerItemProxy;
			containerPortal = 9E238CE82C2E812200AF1CE5 /* Project object */;
			proxyType = 1;
			remoteGlobalIDString = 9E238CEF2C2E812300AF1CE5;
			remoteInfo = FlickerSearch;
		};
		9E238D0B2C2E812700AF1CE5 /* PBXContainerItemProxy */ = {
			isa = PBXContainerItemProxy;
			containerPortal = 9E238CE82C2E812200AF1CE5 /* Project object */;
			proxyType = 1;
			remoteGlobalIDString = 9E238CEF2C2E812300AF1CE5;
			remoteInfo = FlickerSearch;
		};
/* End PBXContainerItemProxy section */

/* Begin PBXFileReference section */
		9E238CF02C2E812300AF1CE5 /* FlickerSearch.app */ = {isa = PBXFileReference; explicitFileType = wrapper.application; includeInIndex = 0; path = FlickerSearch.app; sourceTree = BUILT_PRODUCTS_DIR; };
		9E238CF32C2E812300AF1CE5 /* FlickerSearchApp.swift */ = {isa = PBXFileReference; lastKnownFileType = sourcecode.swift; path = FlickerSearchApp.swift; sourceTree = "<group>"; };
		9E238CF52C2E812300AF1CE5 /* ContentView.swift */ = {isa = PBXFileReference; lastKnownFileType = sourcecode.swift; path = ContentView.swift; sourceTree = "<group>"; };
		9E238CF72C2E812600AF1CE5 /* Assets.xcassets */ = {isa = PBXFileReference; lastKnownFileType = folder.assetcatalog; path = Assets.xcassets; sourceTree = "<group>"; };
		9E238CFA2C2E812600AF1CE5 /* Preview Assets.xcassets */ = {isa = PBXFileReference; lastKnownFileType = folder.assetcatalog; path = "Preview Assets.xcassets"; sourceTree = "<group>"; };
		9E238D002C2E812700AF1CE5 /* FlickerSearchTests.xctest */ = {isa = PBXFileReference; explicitFileType = wrapper.cfbundle; includeInIndex = 0; path = FlickerSearchTests.xctest; sourceTree = BUILT_PRODUCTS_DIR; };
		9E238D042C2E812700AF1CE5 /* FlickerSearchTests.swift */ = {isa = PBXFileReference; lastKnownFileType = sourcecode.swift; path = FlickerSearchTests.swift; sourceTree = "<group>"; };
		9E238D0A2C2E812700AF1CE5 /* FlickerSearchUITests.xctest */ = {isa = PBXFileReference; explicitFileType = wrapper.cfbundle; includeInIndex = 0; path = FlickerSearchUITests.xctest; sourceTree = BUILT_PRODUCTS_DIR; };
		9E238D0E2C2E812700AF1CE5 /* FlickerSearchUITests.swift */ = {isa = PBXFileReference; lastKnownFileType = sourcecode.swift; path = FlickerSearchUITests.swift; sourceTree = "<group>"; };
		9E238D102C2E812700AF1CE5 /* FlickerSearchUITestsLaunchTests.swift */ = {isa = PBXFileReference; lastKnownFileType = sourcecode.swift; path = FlickerSearchUITestsLaunchTests.swift; sourceTree = "<group>"; };
		9E238D1F2C2E822E00AF1CE5 /* Requestable.swift */ = {isa = PBXFileReference; fileEncoding = 4; lastKnownFileType = sourcecode.swift; name = Requestable.swift; path = "../../../../20240617-RanjithVanaparthi-NYCiOSApp/20240617-RanjithVanaparthi-NYCSchools/NetworkService/Requestable.swift"; sourceTree = "<group>"; };
		9E238D202C2E822E00AF1CE5 /* FlickerSearchEndpoints.swift */ = {isa = PBXFileReference; fileEncoding = 4; lastKnownFileType = sourcecode.swift; name = FlickerSearchEndpoints.swift; path = "../../../../20240617-RanjithVanaparthi-NYCiOSApp/20240617-RanjithVanaparthi-NYCSchools/NetworkService/FlickerSearchEndpoints.swift"; sourceTree = "<group>"; };
		9E430ABF2C2F2EA4006A1C10 /* FlickerSeachedImageModel.swift */ = {isa = PBXFileReference; lastKnownFileType = sourcecode.swift; path = FlickerSeachedImageModel.swift; sourceTree = "<group>"; };
		9E430AC22C2F305A006A1C10 /* FlickerSearchViewModel.swift */ = {isa = PBXFileReference; lastKnownFileType = sourcecode.swift; path = FlickerSearchViewModel.swift; sourceTree = "<group>"; };
		9E430AC52C2F3987006A1C10 /* FlickerServiceRequest.swift */ = {isa = PBXFileReference; lastKnownFileType = sourcecode.swift; path = FlickerServiceRequest.swift; sourceTree = "<group>"; };
		9E430AC82C2F4AA1006A1C10 /* FlickerSeachView.swift */ = {isa = PBXFileReference; lastKnownFileType = sourcecode.swift; path = FlickerSeachView.swift; sourceTree = "<group>"; };
		9E430ACD2C2F6043006A1C10 /* FlickrDeatilsView.swift */ = {isa = PBXFileReference; lastKnownFileType = sourcecode.swift; path = FlickrDeatilsView.swift; sourceTree = "<group>"; };
		9E430ACF2C2F62A8006A1C10 /* FlickrDetailImageViewModel.swift */ = {isa = PBXFileReference; lastKnownFileType = sourcecode.swift; path = FlickrDetailImageViewModel.swift; sourceTree = "<group>"; };
		9E430AD52C2F6B40006A1C10 /* NetworkingManagerTests.swift */ = {isa = PBXFileReference; fileEncoding = 4; lastKnownFileType = sourcecode.swift; name = NetworkingManagerTests.swift; path = "../../../20240617-RanjithVanaparthi-NYCiOSApp/20240617-RanjithVanaparthi-NYCSchoolsTests/NetworkingManagerTests.swift"; sourceTree = "<group>"; };
		9E430AD62C2F6B40006A1C10 /* RequestManagerTests.swift */ = {isa = PBXFileReference; fileEncoding = 4; lastKnownFileType = sourcecode.swift; name = RequestManagerTests.swift; path = "../../../20240617-RanjithVanaparthi-NYCiOSApp/20240617-RanjithVanaparthi-NYCSchoolsTests/RequestManagerTests.swift"; sourceTree = "<group>"; };
		9E430AD92C2F6C22006A1C10 /* RequestableManager.swift */ = {isa = PBXFileReference; fileEncoding = 4; lastKnownFileType = sourcecode.swift; name = RequestableManager.swift; path = "../../../../20240617-RanjithVanaparthi-NYCiOSApp/20240617-RanjithVanaparthi-NYCSchools/NetworkService/RequestableManager.swift"; sourceTree = "<group>"; };
		9E430ADB2C2F6EA9006A1C10 /* FlickrSearchViewModelTests.swift */ = {isa = PBXFileReference; lastKnownFileType = sourcecode.swift; path = FlickrSearchViewModelTests.swift; sourceTree = "<group>"; };
/* End PBXFileReference section */

/* Begin PBXFrameworksBuildPhase section */
		9E238CED2C2E812300AF1CE5 /* Frameworks */ = {
			isa = PBXFrameworksBuildPhase;
			buildActionMask = 2147483647;
			files = (
			);
			runOnlyForDeploymentPostprocessing = 0;
		};
		9E238CFD2C2E812700AF1CE5 /* Frameworks */ = {
			isa = PBXFrameworksBuildPhase;
			buildActionMask = 2147483647;
			files = (
			);
			runOnlyForDeploymentPostprocessing = 0;
		};
		9E238D072C2E812700AF1CE5 /* Frameworks */ = {
			isa = PBXFrameworksBuildPhase;
			buildActionMask = 2147483647;
			files = (
			);
			runOnlyForDeploymentPostprocessing = 0;
		};
/* End PBXFrameworksBuildPhase section */

/* Begin PBXGroup section */
		9E238CE72C2E812200AF1CE5 = {
			isa = PBXGroup;
			children = (
				9E238CF22C2E812300AF1CE5 /* FlickerSearch */,
				9E238D032C2E812700AF1CE5 /* FlickerSearchTests */,
				9E238D0D2C2E812700AF1CE5 /* FlickerSearchUITests */,
				9E238CF12C2E812300AF1CE5 /* Products */,
			);
			sourceTree = "<group>";
		};
		9E238CF12C2E812300AF1CE5 /* Products */ = {
			isa = PBXGroup;
			children = (
				9E238CF02C2E812300AF1CE5 /* FlickerSearch.app */,
				9E238D002C2E812700AF1CE5 /* FlickerSearchTests.xctest */,
				9E238D0A2C2E812700AF1CE5 /* FlickerSearchUITests.xctest */,
			);
			name = Products;
			sourceTree = "<group>";
		};
		9E238CF22C2E812300AF1CE5 /* FlickerSearch */ = {
			isa = PBXGroup;
			children = (
				9E430ABC2C2F2E50006A1C10 /* Features */,
				9E238D1D2C2E815600AF1CE5 /* Network */,
				9E238CF32C2E812300AF1CE5 /* FlickerSearchApp.swift */,
				9E238CF52C2E812300AF1CE5 /* ContentView.swift */,
				9E238CF72C2E812600AF1CE5 /* Assets.xcassets */,
				9E238CF92C2E812600AF1CE5 /* Preview Content */,
			);
			path = FlickerSearch;
			sourceTree = "<group>";
		};
		9E238CF92C2E812600AF1CE5 /* Preview Content */ = {
			isa = PBXGroup;
			children = (
				9E238CFA2C2E812600AF1CE5 /* Preview Assets.xcassets */,
			);
			path = "Preview Content";
			sourceTree = "<group>";
		};
		9E238D032C2E812700AF1CE5 /* FlickerSearchTests */ = {
			isa = PBXGroup;
			children = (
				9E430AD52C2F6B40006A1C10 /* NetworkingManagerTests.swift */,
				9E430AD62C2F6B40006A1C10 /* RequestManagerTests.swift */,
				9E238D042C2E812700AF1CE5 /* FlickerSearchTests.swift */,
				9E430ADB2C2F6EA9006A1C10 /* FlickrSearchViewModelTests.swift */,
			);
			path = FlickerSearchTests;
			sourceTree = "<group>";
		};
		9E238D0D2C2E812700AF1CE5 /* FlickerSearchUITests */ = {
			isa = PBXGroup;
			children = (
				9E238D0E2C2E812700AF1CE5 /* FlickerSearchUITests.swift */,
				9E238D102C2E812700AF1CE5 /* FlickerSearchUITestsLaunchTests.swift */,
			);
			path = FlickerSearchUITests;
			sourceTree = "<group>";
		};
		9E238D1D2C2E815600AF1CE5 /* Network */ = {
			isa = PBXGroup;
			children = (
				9E238D202C2E822E00AF1CE5 /* FlickerSearchEndpoints.swift */,
				9E238D1F2C2E822E00AF1CE5 /* Requestable.swift */,
				9E430AD92C2F6C22006A1C10 /* RequestableManager.swift */,
			);
			path = Network;
			sourceTree = "<group>";
		};
		9E430ABC2C2F2E50006A1C10 /* Features */ = {
			isa = PBXGroup;
			children = (
				9E430ACA2C2F5FE6006A1C10 /* FlickrDetailsSearchImage */,
				9E430ABD2C2F2E65006A1C10 /* FlickerSearchImage */,
			);
			path = Features;
			sourceTree = "<group>";
		};
		9E430ABD2C2F2E65006A1C10 /* FlickerSearchImage */ = {
			isa = PBXGroup;
			children = (
				9E430AC72C2F4A8E006A1C10 /* View */,
				9E430AC42C2F393E006A1C10 /* Service */,
				9E430AC12C2F3040006A1C10 /* ViewModel */,
				9E430ABE2C2F2E87006A1C10 /* Model */,
			);
			path = FlickerSearchImage;
			sourceTree = "<group>";
		};
		9E430ABE2C2F2E87006A1C10 /* Model */ = {
			isa = PBXGroup;
			children = (
				9E430ABF2C2F2EA4006A1C10 /* FlickerSeachedImageModel.swift */,
			);
			path = Model;
			sourceTree = "<group>";
		};
		9E430AC12C2F3040006A1C10 /* ViewModel */ = {
			isa = PBXGroup;
			children = (
				9E430AC22C2F305A006A1C10 /* FlickerSearchViewModel.swift */,
			);
			path = ViewModel;
			sourceTree = "<group>";
		};
		9E430AC42C2F393E006A1C10 /* Service */ = {
			isa = PBXGroup;
			children = (
				9E430AC52C2F3987006A1C10 /* FlickerServiceRequest.swift */,
			);
			path = Service;
			sourceTree = "<group>";
		};
		9E430AC72C2F4A8E006A1C10 /* View */ = {
			isa = PBXGroup;
			children = (
				9E430AC82C2F4AA1006A1C10 /* FlickerSeachView.swift */,
			);
			path = View;
			sourceTree = "<group>";
		};
		9E430ACA2C2F5FE6006A1C10 /* FlickrDetailsSearchImage */ = {
			isa = PBXGroup;
			children = (
				9E430ACC2C2F6024006A1C10 /* ViewModel */,
				9E430ACB2C2F601D006A1C10 /* View */,
			);
			path = FlickrDetailsSearchImage;
			sourceTree = "<group>";
		};
		9E430ACB2C2F601D006A1C10 /* View */ = {
			isa = PBXGroup;
			children = (
				9E430ACD2C2F6043006A1C10 /* FlickrDeatilsView.swift */,
			);
			path = View;
			sourceTree = "<group>";
		};
		9E430ACC2C2F6024006A1C10 /* ViewModel */ = {
			isa = PBXGroup;
			children = (
				9E430ACF2C2F62A8006A1C10 /* FlickrDetailImageViewModel.swift */,
			);
			path = ViewModel;
			sourceTree = "<group>";
		};
/* End PBXGroup section */

/* Begin PBXNativeTarget section */
		9E238CEF2C2E812300AF1CE5 /* FlickerSearch */ = {
			isa = PBXNativeTarget;
			buildConfigurationList = 9E238D142C2E812700AF1CE5 /* Build configuration list for PBXNativeTarget "FlickerSearch" */;
			buildPhases = (
				9E238CEC2C2E812300AF1CE5 /* Sources */,
				9E238CED2C2E812300AF1CE5 /* Frameworks */,
				9E238CEE2C2E812300AF1CE5 /* Resources */,
			);
			buildRules = (
			);
			dependencies = (
			);
			name = FlickerSearch;
			productName = FlickerSearch;
			productReference = 9E238CF02C2E812300AF1CE5 /* FlickerSearch.app */;
			productType = "com.apple.product-type.application";
		};
		9E238CFF2C2E812700AF1CE5 /* FlickerSearchTests */ = {
			isa = PBXNativeTarget;
			buildConfigurationList = 9E238D172C2E812700AF1CE5 /* Build configuration list for PBXNativeTarget "FlickerSearchTests" */;
			buildPhases = (
				9E238CFC2C2E812700AF1CE5 /* Sources */,
				9E238CFD2C2E812700AF1CE5 /* Frameworks */,
				9E238CFE2C2E812700AF1CE5 /* Resources */,
			);
			buildRules = (
			);
			dependencies = (
				9E238D022C2E812700AF1CE5 /* PBXTargetDependency */,
			);
			name = FlickerSearchTests;
			productName = FlickerSearchTests;
			productReference = 9E238D002C2E812700AF1CE5 /* FlickerSearchTests.xctest */;
			productType = "com.apple.product-type.bundle.unit-test";
		};
		9E238D092C2E812700AF1CE5 /* FlickerSearchUITests */ = {
			isa = PBXNativeTarget;
			buildConfigurationList = 9E238D1A2C2E812700AF1CE5 /* Build configuration list for PBXNativeTarget "FlickerSearchUITests" */;
			buildPhases = (
				9E238D062C2E812700AF1CE5 /* Sources */,
				9E238D072C2E812700AF1CE5 /* Frameworks */,
				9E238D082C2E812700AF1CE5 /* Resources */,
			);
			buildRules = (
			);
			dependencies = (
				9E238D0C2C2E812700AF1CE5 /* PBXTargetDependency */,
			);
			name = FlickerSearchUITests;
			productName = FlickerSearchUITests;
			productReference = 9E238D0A2C2E812700AF1CE5 /* FlickerSearchUITests.xctest */;
			productType = "com.apple.product-type.bundle.ui-testing";
		};
/* End PBXNativeTarget section */

/* Begin PBXProject section */
		9E238CE82C2E812200AF1CE5 /* Project object */ = {
			isa = PBXProject;
			attributes = {
				BuildIndependentTargetsInParallel = 1;
				LastSwiftUpdateCheck = 1430;
				LastUpgradeCheck = 1430;
				TargetAttributes = {
					9E238CEF2C2E812300AF1CE5 = {
						CreatedOnToolsVersion = 14.3.1;
					};
					9E238CFF2C2E812700AF1CE5 = {
						CreatedOnToolsVersion = 14.3.1;
						TestTargetID = 9E238CEF2C2E812300AF1CE5;
					};
					9E238D092C2E812700AF1CE5 = {
						CreatedOnToolsVersion = 14.3.1;
						TestTargetID = 9E238CEF2C2E812300AF1CE5;
					};
				};
			};
			buildConfigurationList = 9E238CEB2C2E812200AF1CE5 /* Build configuration list for PBXProject "FlickerSearch" */;
			compatibilityVersion = "Xcode 14.0";
			developmentRegion = en;
			hasScannedForEncodings = 0;
			knownRegions = (
				en,
				Base,
			);
			mainGroup = 9E238CE72C2E812200AF1CE5;
			productRefGroup = 9E238CF12C2E812300AF1CE5 /* Products */;
			projectDirPath = "";
			projectRoot = "";
			targets = (
				9E238CEF2C2E812300AF1CE5 /* FlickerSearch */,
				9E238CFF2C2E812700AF1CE5 /* FlickerSearchTests */,
				9E238D092C2E812700AF1CE5 /* FlickerSearchUITests */,
			);
		};
/* End PBXProject section */

/* Begin PBXResourcesBuildPhase section */
		9E238CEE2C2E812300AF1CE5 /* Resources */ = {
			isa = PBXResourcesBuildPhase;
			buildActionMask = 2147483647;
			files = (
				9E238CFB2C2E812600AF1CE5 /* Preview Assets.xcassets in Resources */,
				9E238CF82C2E812600AF1CE5 /* Assets.xcassets in Resources */,
			);
			runOnlyForDeploymentPostprocessing = 0;
		};
		9E238CFE2C2E812700AF1CE5 /* Resources */ = {
			isa = PBXResourcesBuildPhase;
			buildActionMask = 2147483647;
			files = (
			);
			runOnlyForDeploymentPostprocessing = 0;
		};
		9E238D082C2E812700AF1CE5 /* Resources */ = {
			isa = PBXResourcesBuildPhase;
			buildActionMask = 2147483647;
			files = (
			);
			runOnlyForDeploymentPostprocessing = 0;
		};
/* End PBXResourcesBuildPhase section */

/* Begin PBXSourcesBuildPhase section */
		9E238CEC2C2E812300AF1CE5 /* Sources */ = {
			isa = PBXSourcesBuildPhase;
			buildActionMask = 2147483647;
			files = (
				9E430AC62C2F3987006A1C10 /* FlickerServiceRequest.swift in Sources */,
				9E430AC32C2F305A006A1C10 /* FlickerSearchViewModel.swift in Sources */,
				9E430ACE2C2F6043006A1C10 /* FlickrDeatilsView.swift in Sources */,
				9E238D232C2E822E00AF1CE5 /* FlickerSearchEndpoints.swift in Sources */,
				9E430AC92C2F4AA1006A1C10 /* FlickerSeachView.swift in Sources */,
				9E238CF62C2E812300AF1CE5 /* ContentView.swift in Sources */,
				9E430AC02C2F2EA4006A1C10 /* FlickerSeachedImageModel.swift in Sources */,
				9E238D222C2E822E00AF1CE5 /* Requestable.swift in Sources */,
				9E238CF42C2E812300AF1CE5 /* FlickerSearchApp.swift in Sources */,
				9E430AD02C2F62A8006A1C10 /* FlickrDetailImageViewModel.swift in Sources */,
				9E430ADA2C2F6C22006A1C10 /* RequestableManager.swift in Sources */,
			);
			runOnlyForDeploymentPostprocessing = 0;
		};
		9E238CFC2C2E812700AF1CE5 /* Sources */ = {
			isa = PBXSourcesBuildPhase;
			buildActionMask = 2147483647;
			files = (
				9E238D052C2E812700AF1CE5 /* FlickerSearchTests.swift in Sources */,
				9E430AD72C2F6B40006A1C10 /* NetworkingManagerTests.swift in Sources */,
				9E430ADC2C2F6EA9006A1C10 /* FlickrSearchViewModelTests.swift in Sources */,
				9E430AD82C2F6B40006A1C10 /* RequestManagerTests.swift in Sources */,
			);
			runOnlyForDeploymentPostprocessing = 0;
		};
		9E238D062C2E812700AF1CE5 /* Sources */ = {
			isa = PBXSourcesBuildPhase;
			buildActionMask = 2147483647;
			files = (
				9E238D0F2C2E812700AF1CE5 /* FlickerSearchUITests.swift in Sources */,
				9E238D112C2E812700AF1CE5 /* FlickerSearchUITestsLaunchTests.swift in Sources */,
			);
			runOnlyForDeploymentPostprocessing = 0;
		};
/* End PBXSourcesBuildPhase section */

/* Begin PBXTargetDependency section */
		9E238D022C2E812700AF1CE5 /* PBXTargetDependency */ = {
			isa = PBXTargetDependency;
			target = 9E238CEF2C2E812300AF1CE5 /* FlickerSearch */;
			targetProxy = 9E238D012C2E812700AF1CE5 /* PBXContainerItemProxy */;
		};
		9E238D0C2C2E812700AF1CE5 /* PBXTargetDependency */ = {
			isa = PBXTargetDependency;
			target = 9E238CEF2C2E812300AF1CE5 /* FlickerSearch */;
			targetProxy = 9E238D0B2C2E812700AF1CE5 /* PBXContainerItemProxy */;
		};
/* End PBXTargetDependency section */

/* Begin XCBuildConfiguration section */
		9E238D122C2E812700AF1CE5 /* Debug */ = {
			isa = XCBuildConfiguration;
			buildSettings = {
				ALWAYS_SEARCH_USER_PATHS = NO;
				CLANG_ANALYZER_NONNULL = YES;
				CLANG_ANALYZER_NUMBER_OBJECT_CONVERSION = YES_AGGRESSIVE;
				CLANG_CXX_LANGUAGE_STANDARD = "gnu++20";
				CLANG_ENABLE_MODULES = YES;
				CLANG_ENABLE_OBJC_ARC = YES;
				CLANG_ENABLE_OBJC_WEAK = YES;
				CLANG_WARN_BLOCK_CAPTURE_AUTORELEASING = YES;
				CLANG_WARN_BOOL_CONVERSION = YES;
				CLANG_WARN_COMMA = YES;
				CLANG_WARN_CONSTANT_CONVERSION = YES;
				CLANG_WARN_DEPRECATED_OBJC_IMPLEMENTATIONS = YES;
				CLANG_WARN_DIRECT_OBJC_ISA_USAGE = YES_ERROR;
				CLANG_WARN_DOCUMENTATION_COMMENTS = YES;
				CLANG_WARN_EMPTY_BODY = YES;
				CLANG_WARN_ENUM_CONVERSION = YES;
				CLANG_WARN_INFINITE_RECURSION = YES;
				CLANG_WARN_INT_CONVERSION = YES;
				CLANG_WARN_NON_LITERAL_NULL_CONVERSION = YES;
				CLANG_WARN_OBJC_IMPLICIT_RETAIN_SELF = YES;
				CLANG_WARN_OBJC_LITERAL_CONVERSION = YES;
				CLANG_WARN_OBJC_ROOT_CLASS = YES_ERROR;
				CLANG_WARN_QUOTED_INCLUDE_IN_FRAMEWORK_HEADER = YES;
				CLANG_WARN_RANGE_LOOP_ANALYSIS = YES;
				CLANG_WARN_STRICT_PROTOTYPES = YES;
				CLANG_WARN_SUSPICIOUS_MOVE = YES;
				CLANG_WARN_UNGUARDED_AVAILABILITY = YES_AGGRESSIVE;
				CLANG_WARN_UNREACHABLE_CODE = YES;
				CLANG_WARN__DUPLICATE_METHOD_MATCH = YES;
				COPY_PHASE_STRIP = NO;
				DEBUG_INFORMATION_FORMAT = dwarf;
				ENABLE_STRICT_OBJC_MSGSEND = YES;
				ENABLE_TESTABILITY = YES;
				GCC_C_LANGUAGE_STANDARD = gnu11;
				GCC_DYNAMIC_NO_PIC = NO;
				GCC_NO_COMMON_BLOCKS = YES;
				GCC_OPTIMIZATION_LEVEL = 0;
				GCC_PREPROCESSOR_DEFINITIONS = (
					"DEBUG=1",
					"$(inherited)",
				);
				GCC_WARN_64_TO_32_BIT_CONVERSION = YES;
				GCC_WARN_ABOUT_RETURN_TYPE = YES_ERROR;
				GCC_WARN_UNDECLARED_SELECTOR = YES;
				GCC_WARN_UNINITIALIZED_AUTOS = YES_AGGRESSIVE;
				GCC_WARN_UNUSED_FUNCTION = YES;
				GCC_WARN_UNUSED_VARIABLE = YES;
				IPHONEOS_DEPLOYMENT_TARGET = 16.4;
				MTL_ENABLE_DEBUG_INFO = INCLUDE_SOURCE;
				MTL_FAST_MATH = YES;
				ONLY_ACTIVE_ARCH = YES;
				SDKROOT = iphoneos;
				SWIFT_ACTIVE_COMPILATION_CONDITIONS = DEBUG;
				SWIFT_OPTIMIZATION_LEVEL = "-Onone";
			};
			name = Debug;
		};
		9E238D132C2E812700AF1CE5 /* Release */ = {
			isa = XCBuildConfiguration;
			buildSettings = {
				ALWAYS_SEARCH_USER_PATHS = NO;
				CLANG_ANALYZER_NONNULL = YES;
				CLANG_ANALYZER_NUMBER_OBJECT_CONVERSION = YES_AGGRESSIVE;
				CLANG_CXX_LANGUAGE_STANDARD = "gnu++20";
				CLANG_ENABLE_MODULES = YES;
				CLANG_ENABLE_OBJC_ARC = YES;
				CLANG_ENABLE_OBJC_WEAK = YES;
				CLANG_WARN_BLOCK_CAPTURE_AUTORELEASING = YES;
				CLANG_WARN_BOOL_CONVERSION = YES;
				CLANG_WARN_COMMA = YES;
				CLANG_WARN_CONSTANT_CONVERSION = YES;
				CLANG_WARN_DEPRECATED_OBJC_IMPLEMENTATIONS = YES;
				CLANG_WARN_DIRECT_OBJC_ISA_USAGE = YES_ERROR;
				CLANG_WARN_DOCUMENTATION_COMMENTS = YES;
				CLANG_WARN_EMPTY_BODY = YES;
				CLANG_WARN_ENUM_CONVERSION = YES;
				CLANG_WARN_INFINITE_RECURSION = YES;
				CLANG_WARN_INT_CONVERSION = YES;
				CLANG_WARN_NON_LITERAL_NULL_CONVERSION = YES;
				CLANG_WARN_OBJC_IMPLICIT_RETAIN_SELF = YES;
				CLANG_WARN_OBJC_LITERAL_CONVERSION = YES;
				CLANG_WARN_OBJC_ROOT_CLASS = YES_ERROR;
				CLANG_WARN_QUOTED_INCLUDE_IN_FRAMEWORK_HEADER = YES;
				CLANG_WARN_RANGE_LOOP_ANALYSIS = YES;
				CLANG_WARN_STRICT_PROTOTYPES = YES;
				CLANG_WARN_SUSPICIOUS_MOVE = YES;
				CLANG_WARN_UNGUARDED_AVAILABILITY = YES_AGGRESSIVE;
				CLANG_WARN_UNREACHABLE_CODE = YES;
				CLANG_WARN__DUPLICATE_METHOD_MATCH = YES;
				COPY_PHASE_STRIP = NO;
				DEBUG_INFORMATION_FORMAT = "dwarf-with-dsym";
				ENABLE_NS_ASSERTIONS = NO;
				ENABLE_STRICT_OBJC_MSGSEND = YES;
				GCC_C_LANGUAGE_STANDARD = gnu11;
				GCC_NO_COMMON_BLOCKS = YES;
				GCC_WARN_64_TO_32_BIT_CONVERSION = YES;
				GCC_WARN_ABOUT_RETURN_TYPE = YES_ERROR;
				GCC_WARN_UNDECLARED_SELECTOR = YES;
				GCC_WARN_UNINITIALIZED_AUTOS = YES_AGGRESSIVE;
				GCC_WARN_UNUSED_FUNCTION = YES;
				GCC_WARN_UNUSED_VARIABLE = YES;
				IPHONEOS_DEPLOYMENT_TARGET = 16.4;
				MTL_ENABLE_DEBUG_INFO = NO;
				MTL_FAST_MATH = YES;
				SDKROOT = iphoneos;
				SWIFT_COMPILATION_MODE = wholemodule;
				SWIFT_OPTIMIZATION_LEVEL = "-O";
				VALIDATE_PRODUCT = YES;
			};
			name = Release;
		};
		9E238D152C2E812700AF1CE5 /* Debug */ = {
			isa = XCBuildConfiguration;
			buildSettings = {
				ASSETCATALOG_COMPILER_APPICON_NAME = AppIcon;
				ASSETCATALOG_COMPILER_GLOBAL_ACCENT_COLOR_NAME = AccentColor;
				CODE_SIGN_STYLE = Automatic;
				CURRENT_PROJECT_VERSION = 1;
				DEVELOPMENT_ASSET_PATHS = "\"FlickerSearch/Preview Content\"";
				ENABLE_PREVIEWS = YES;
				GENERATE_INFOPLIST_FILE = YES;
				INFOPLIST_KEY_UIApplicationSceneManifest_Generation = YES;
				INFOPLIST_KEY_UIApplicationSupportsIndirectInputEvents = YES;
				INFOPLIST_KEY_UILaunchScreen_Generation = YES;
				INFOPLIST_KEY_UISupportedInterfaceOrientations_iPad = "UIInterfaceOrientationPortrait UIInterfaceOrientationPortraitUpsideDown UIInterfaceOrientationLandscapeLeft UIInterfaceOrientationLandscapeRight";
				INFOPLIST_KEY_UISupportedInterfaceOrientations_iPhone = "UIInterfaceOrientationPortrait UIInterfaceOrientationLandscapeLeft UIInterfaceOrientationLandscapeRight";
				LD_RUNPATH_SEARCH_PATHS = (
					"$(inherited)",
					"@executable_path/Frameworks",
				);
				MARKETING_VERSION = 1.0;
				PRODUCT_BUNDLE_IDENTIFIER = Com.example.FlickerSearch;
				PRODUCT_NAME = "$(TARGET_NAME)";
				SWIFT_EMIT_LOC_STRINGS = YES;
				SWIFT_VERSION = 5.0;
				TARGETED_DEVICE_FAMILY = "1,2";
			};
			name = Debug;
		};
		9E238D162C2E812700AF1CE5 /* Release */ = {
			isa = XCBuildConfiguration;
			buildSettings = {
				ASSETCATALOG_COMPILER_APPICON_NAME = AppIcon;
				ASSETCATALOG_COMPILER_GLOBAL_ACCENT_COLOR_NAME = AccentColor;
				CODE_SIGN_STYLE = Automatic;
				CURRENT_PROJECT_VERSION = 1;
				DEVELOPMENT_ASSET_PATHS = "\"FlickerSearch/Preview Content\"";
				ENABLE_PREVIEWS = YES;
				GENERATE_INFOPLIST_FILE = YES;
				INFOPLIST_KEY_UIApplicationSceneManifest_Generation = YES;
				INFOPLIST_KEY_UIApplicationSupportsIndirectInputEvents = YES;
				INFOPLIST_KEY_UILaunchScreen_Generation = YES;
				INFOPLIST_KEY_UISupportedInterfaceOrientations_iPad = "UIInterfaceOrientationPortrait UIInterfaceOrientationPortraitUpsideDown UIInterfaceOrientationLandscapeLeft UIInterfaceOrientationLandscapeRight";
				INFOPLIST_KEY_UISupportedInterfaceOrientations_iPhone = "UIInterfaceOrientationPortrait UIInterfaceOrientationLandscapeLeft UIInterfaceOrientationLandscapeRight";
				LD_RUNPATH_SEARCH_PATHS = (
					"$(inherited)",
					"@executable_path/Frameworks",
				);
				MARKETING_VERSION = 1.0;
				PRODUCT_BUNDLE_IDENTIFIER = Com.example.FlickerSearch;
				PRODUCT_NAME = "$(TARGET_NAME)";
				SWIFT_EMIT_LOC_STRINGS = YES;
				SWIFT_VERSION = 5.0;
				TARGETED_DEVICE_FAMILY = "1,2";
			};
			name = Release;
		};
		9E238D182C2E812700AF1CE5 /* Debug */ = {
			isa = XCBuildConfiguration;
			buildSettings = {
				ALWAYS_EMBED_SWIFT_STANDARD_LIBRARIES = YES;
				BUNDLE_LOADER = "$(TEST_HOST)";
				CODE_SIGN_STYLE = Automatic;
				CURRENT_PROJECT_VERSION = 1;
				GENERATE_INFOPLIST_FILE = YES;
				IPHONEOS_DEPLOYMENT_TARGET = 16.4;
				MARKETING_VERSION = 1.0;
				PRODUCT_BUNDLE_IDENTIFIER = Com.example.FlickerSearchTests;
				PRODUCT_NAME = "$(TARGET_NAME)";
				SWIFT_EMIT_LOC_STRINGS = NO;
				SWIFT_VERSION = 5.0;
				TARGETED_DEVICE_FAMILY = "1,2";
				TEST_HOST = "$(BUILT_PRODUCTS_DIR)/FlickerSearch.app/$(BUNDLE_EXECUTABLE_FOLDER_PATH)/FlickerSearch";
			};
			name = Debug;
		};
		9E238D192C2E812700AF1CE5 /* Release */ = {
			isa = XCBuildConfiguration;
			buildSettings = {
				ALWAYS_EMBED_SWIFT_STANDARD_LIBRARIES = YES;
				BUNDLE_LOADER = "$(TEST_HOST)";
				CODE_SIGN_STYLE = Automatic;
				CURRENT_PROJECT_VERSION = 1;
				GENERATE_INFOPLIST_FILE = YES;
				IPHONEOS_DEPLOYMENT_TARGET = 16.4;
				MARKETING_VERSION = 1.0;
				PRODUCT_BUNDLE_IDENTIFIER = Com.example.FlickerSearchTests;
				PRODUCT_NAME = "$(TARGET_NAME)";
				SWIFT_EMIT_LOC_STRINGS = NO;
				SWIFT_VERSION = 5.0;
				TARGETED_DEVICE_FAMILY = "1,2";
				TEST_HOST = "$(BUILT_PRODUCTS_DIR)/FlickerSearch.app/$(BUNDLE_EXECUTABLE_FOLDER_PATH)/FlickerSearch";
			};
			name = Release;
		};
		9E238D1B2C2E812700AF1CE5 /* Debug */ = {
			isa = XCBuildConfiguration;
			buildSettings = {
				ALWAYS_EMBED_SWIFT_STANDARD_LIBRARIES = YES;
				CODE_SIGN_STYLE = Automatic;
				CURRENT_PROJECT_VERSION = 1;
				GENERATE_INFOPLIST_FILE = YES;
				MARKETING_VERSION = 1.0;
				PRODUCT_BUNDLE_IDENTIFIER = Com.example.FlickerSearchUITests;
				PRODUCT_NAME = "$(TARGET_NAME)";
				SWIFT_EMIT_LOC_STRINGS = NO;
				SWIFT_VERSION = 5.0;
				TARGETED_DEVICE_FAMILY = "1,2";
				TEST_TARGET_NAME = FlickerSearch;
			};
			name = Debug;
		};
		9E238D1C2C2E812700AF1CE5 /* Release */ = {
			isa = XCBuildConfiguration;
			buildSettings = {
				ALWAYS_EMBED_SWIFT_STANDARD_LIBRARIES = YES;
				CODE_SIGN_STYLE = Automatic;
				CURRENT_PROJECT_VERSION = 1;
				GENERATE_INFOPLIST_FILE = YES;
				MARKETING_VERSION = 1.0;
				PRODUCT_BUNDLE_IDENTIFIER = Com.example.FlickerSearchUITests;
				PRODUCT_NAME = "$(TARGET_NAME)";
				SWIFT_EMIT_LOC_STRINGS = NO;
				SWIFT_VERSION = 5.0;
				TARGETED_DEVICE_FAMILY = "1,2";
				TEST_TARGET_NAME = FlickerSearch;
			};
			name = Release;
		};
/* End XCBuildConfiguration section */

/* Begin XCConfigurationList section */
		9E238CEB2C2E812200AF1CE5 /* Build configuration list for PBXProject "FlickerSearch" */ = {
			isa = XCConfigurationList;
			buildConfigurations = (
				9E238D122C2E812700AF1CE5 /* Debug */,
				9E238D132C2E812700AF1CE5 /* Release */,
			);
			defaultConfigurationIsVisible = 0;
			defaultConfigurationName = Release;
		};
		9E238D142C2E812700AF1CE5 /* Build configuration list for PBXNativeTarget "FlickerSearch" */ = {
			isa = XCConfigurationList;
			buildConfigurations = (
				9E238D152C2E812700AF1CE5 /* Debug */,
				9E238D162C2E812700AF1CE5 /* Release */,
			);
			defaultConfigurationIsVisible = 0;
			defaultConfigurationName = Release;
		};
		9E238D172C2E812700AF1CE5 /* Build configuration list for PBXNativeTarget "FlickerSearchTests" */ = {
			isa = XCConfigurationList;
			buildConfigurations = (
				9E238D182C2E812700AF1CE5 /* Debug */,
				9E238D192C2E812700AF1CE5 /* Release */,
			);
			defaultConfigurationIsVisible = 0;
			defaultConfigurationName = Release;
		};
		9E238D1A2C2E812700AF1CE5 /* Build configuration list for PBXNativeTarget "FlickerSearchUITests" */ = {
			isa = XCConfigurationList;
			buildConfigurations = (
				9E238D1B2C2E812700AF1CE5 /* Debug */,
				9E238D1C2C2E812700AF1CE5 /* Release */,
			);
			defaultConfigurationIsVisible = 0;
			defaultConfigurationName = Release;
		};
/* End XCConfigurationList section */
	};
	rootObject = 9E238CE82C2E812200AF1CE5 /* Project object */;
}
